
Microsoft Visual Studio Solution File, Format Version 12.00
# Visual Studio 15
VisualStudioVersion = 15.0.26403.3
MinimumVisualStudioVersion = 10.0.40219.1
Project("{8BC9CEB8-8B4A-11D0-8D11-00A0C91BC942}") = "IceBro", "IceBro.vcxproj", "{3E191B3D-A276-4073-975A-DC7AE4083F87}"
EndProject
Project("{8BC9CEB8-8B4A-11D0-8D11-00A0C91BC942}") = "IconsToCPP", "IconsToCPP\IconsToCPP.vcxproj", "{82A331DD-0D09-44E5-BA2F-E9597EE2D138}"
EndProject
Global
	GlobalSection(SolutionConfigurationPlatforms) = preSolution
		Debug|x64 = Debug|x64
		Debug|x86 = Debug|x86
		Release|x64 = Release|x64
		Release|x86 = Release|x86
	EndGlobalSection
	GlobalSection(ProjectConfigurationPlatforms) = postSolution
		{3E191B3D-A276-4073-975A-DC7AE4083F87}.Debug|x64.ActiveCfg = Debug|x64
		{3E191B3D-A276-4073-975A-DC7AE4083F87}.Debug|x64.Build.0 = Debug|x64
		{3E191B3D-A276-4073-975A-DC7AE4083F87}.Debug|x86.ActiveCfg = Debug|Win32
		{3E191B3D-A276-4073-975A-DC7AE4083F87}.Debug|x86.Build.0 = Debug|Win32
		{3E191B3D-A276-4073-975A-DC7AE4083F87}.Release|x64.ActiveCfg = Release|x64
		{3E191B3D-A276-4073-975A-DC7AE4083F87}.Release|x64.Build.0 = Release|x64
		{3E191B3D-A276-4073-975A-DC7AE4083F87}.Release|x86.ActiveCfg = Release|Win32
		{3E191B3D-A276-4073-975A-DC7AE4083F87}.Release|x86.Build.0 = Release|Win32
		{82A331DD-0D09-44E5-BA2F-E9597EE2D138}.Debug|x64.ActiveCfg = Debug|x64
		{82A331DD-0D09-44E5-BA2F-E9597EE2D138}.Debug|x64.Build.0 = Debug|x64
		{82A331DD-0D09-44E5-BA2F-E9597EE2D138}.Debug|x86.ActiveCfg = Debug|Win32
		{82A331DD-0D09-44E5-BA2F-E9597EE2D138}.Debug|x86.Build.0 = Debug|Win32
		{82A331DD-0D09-44E5-BA2F-E9597EE2D138}.Release|x64.ActiveCfg = Release|x64
		{82A331DD-0D09-44E5-BA2F-E9597EE2D138}.Release|x64.Build.0 = Release|x64
		{82A331DD-0D09-44E5-BA2F-E9597EE2D138}.Release|x86.ActiveCfg = Release|Win32
		{82A331DD-0D09-44E5-BA2F-E9597EE2D138}.Release|x86.Build.0 = Release|Win32
	EndGlobalSection
	GlobalSection(SolutionProperties) = preSolution
		HideSolutionNode = FALSE
	EndGlobalSection
EndGlobal
